
Microsoft Visual Studio Solution File, Format Version 12.00
# Visual Studio 14
VisualStudioVersion = 14.0.25420.1
MinimumVisualStudioVersion = 10.0.40219.1
Project("{FAE04EC0-301F-11D3-BF4B-00C04F79EFBC}") = "GettingStartedCS", "GettingStartedCS\GettingStartedCS.csproj", "{555CD2F0-E497-44BF-8DF3-2E2324A16823}"
EndProject
Project("{FAE04EC0-301F-11D3-BF4B-00C04F79EFBC}") = "CSharpSyntaxWalker", "CSharpSyntaxWalker\CSharpSyntaxWalker.csproj", "{7B15673B-238F-4EAF-96B6-E1A81A13AF35}"
EndProject
Project("{FAE04EC0-301F-11D3-BF4B-00C04F79EFBC}") = "SemanticsCS", "SemanticsCS\SemanticsCS.csproj", "{573DC0C3-E74A-4B9B-A467-73B093034117}"
EndProject
Global
	GlobalSection(SolutionConfigurationPlatforms) = preSolution
		Debug|x86 = Debug|x86
		Release|x86 = Release|x86
	EndGlobalSection
	GlobalSection(ProjectConfigurationPlatforms) = postSolution
		{555CD2F0-E497-44BF-8DF3-2E2324A16823}.Debug|x86.ActiveCfg = Debug|x86
		{555CD2F0-E497-44BF-8DF3-2E2324A16823}.Debug|x86.Build.0 = Debug|x86
		{555CD2F0-E497-44BF-8DF3-2E2324A16823}.Release|x86.ActiveCfg = Release|x86
		{555CD2F0-E497-44BF-8DF3-2E2324A16823}.Release|x86.Build.0 = Release|x86
		{7B15673B-238F-4EAF-96B6-E1A81A13AF35}.Debug|x86.ActiveCfg = Debug|x86
		{7B15673B-238F-4EAF-96B6-E1A81A13AF35}.Debug|x86.Build.0 = Debug|x86
		{7B15673B-238F-4EAF-96B6-E1A81A13AF35}.Release|x86.ActiveCfg = Release|x86
		{7B15673B-238F-4EAF-96B6-E1A81A13AF35}.Release|x86.Build.0 = Release|x86
		{573DC0C3-E74A-4B9B-A467-73B093034117}.Debug|x86.ActiveCfg = Debug|x86
		{573DC0C3-E74A-4B9B-A467-73B093034117}.Debug|x86.Build.0 = Debug|x86
		{573DC0C3-E74A-4B9B-A467-73B093034117}.Release|x86.ActiveCfg = Release|x86
		{573DC0C3-E74A-4B9B-A467-73B093034117}.Release|x86.Build.0 = Release|x86
	EndGlobalSection
	GlobalSection(SolutionProperties) = preSolution
		HideSolutionNode = FALSE
	EndGlobalSection
EndGlobal
