
Microsoft Visual Studio Solution File, Format Version 12.00
# Visual Studio 14
VisualStudioVersion = 14.0.25420.1
MinimumVisualStudioVersion = 10.0.40219.1
Project("{FAE04EC0-301F-11D3-BF4B-00C04F79EFBC}") = "GettingStartedCS", "GettingStartedCS\GettingStartedCS.csproj", "{555CD2F0-E497-44BF-8DF3-2E2324A16823}"
EndProject
Project("{FAE04EC0-301F-11D3-BF4B-00C04F79EFBC}") = "CSharpSyntaxWalker", "CSharpSyntaxWalker\CSharpSyntaxWalker.csproj", "{7B15673B-238F-4EAF-96B6-E1A81A13AF35}"
EndProject
Project("{FAE04EC0-301F-11D3-BF4B-00C04F79EFBC}") = "SemanticsCS", "SemanticsCS\SemanticsCS.csproj", "{573DC0C3-E74A-4B9B-A467-73B093034117}"
EndProject
Project("{FAE04EC0-301F-11D3-BF4B-00C04F79EFBC}") = "ConstructionCS", "ConstructionCS\ConstructionCS.csproj", "{547D99CF-286E-4293-9C39-F7BD5F0850B1}"
EndProject
Project("{FAE04EC0-301F-11D3-BF4B-00C04F79EFBC}") = "TransformationCS", "TransformationCS\TransformationCS.csproj", "{465D2808-9EF8-460C-8843-6B9620497D73}"
EndProject
Project("{FAE04EC0-301F-11D3-BF4B-00C04F79EFBC}") = "LearnRoslynNow.Tests", "LearnRoslynNow.Tests\LearnRoslynNow.Tests.csproj", "{60A333DD-F8E4-4263-A199-63EDF77CBAA0}"
EndProject
Project("{2150E333-8FDC-42A3-9474-1A3956D46DE8}") = "Solution Items", "Solution Items", "{595BBF3C-AE6E-4A26-9AF4-EAE0070FFBE3}"
	ProjectSection(SolutionItems) = preProject
		README.md = README.md
	EndProjectSection
EndProject
Global
	GlobalSection(SolutionConfigurationPlatforms) = preSolution
		Debug|Any CPU = Debug|Any CPU
		Debug|x86 = Debug|x86
		Release|Any CPU = Release|Any CPU
		Release|x86 = Release|x86
	EndGlobalSection
	GlobalSection(ProjectConfigurationPlatforms) = postSolution
		{555CD2F0-E497-44BF-8DF3-2E2324A16823}.Debug|Any CPU.ActiveCfg = Debug|x86
		{555CD2F0-E497-44BF-8DF3-2E2324A16823}.Debug|x86.ActiveCfg = Debug|x86
		{555CD2F0-E497-44BF-8DF3-2E2324A16823}.Debug|x86.Build.0 = Debug|x86
		{555CD2F0-E497-44BF-8DF3-2E2324A16823}.Release|Any CPU.ActiveCfg = Release|x86
		{555CD2F0-E497-44BF-8DF3-2E2324A16823}.Release|x86.ActiveCfg = Release|x86
		{555CD2F0-E497-44BF-8DF3-2E2324A16823}.Release|x86.Build.0 = Release|x86
		{7B15673B-238F-4EAF-96B6-E1A81A13AF35}.Debug|Any CPU.ActiveCfg = Debug|x86
		{7B15673B-238F-4EAF-96B6-E1A81A13AF35}.Debug|x86.ActiveCfg = Debug|x86
		{7B15673B-238F-4EAF-96B6-E1A81A13AF35}.Debug|x86.Build.0 = Debug|x86
		{7B15673B-238F-4EAF-96B6-E1A81A13AF35}.Release|Any CPU.ActiveCfg = Release|x86
		{7B15673B-238F-4EAF-96B6-E1A81A13AF35}.Release|x86.ActiveCfg = Release|x86
		{7B15673B-238F-4EAF-96B6-E1A81A13AF35}.Release|x86.Build.0 = Release|x86
		{573DC0C3-E74A-4B9B-A467-73B093034117}.Debug|Any CPU.ActiveCfg = Debug|x86
		{573DC0C3-E74A-4B9B-A467-73B093034117}.Debug|x86.ActiveCfg = Debug|x86
		{573DC0C3-E74A-4B9B-A467-73B093034117}.Debug|x86.Build.0 = Debug|x86
		{573DC0C3-E74A-4B9B-A467-73B093034117}.Release|Any CPU.ActiveCfg = Release|x86
		{573DC0C3-E74A-4B9B-A467-73B093034117}.Release|x86.ActiveCfg = Release|x86
		{573DC0C3-E74A-4B9B-A467-73B093034117}.Release|x86.Build.0 = Release|x86
		{547D99CF-286E-4293-9C39-F7BD5F0850B1}.Debug|Any CPU.ActiveCfg = Debug|x86
		{547D99CF-286E-4293-9C39-F7BD5F0850B1}.Debug|x86.ActiveCfg = Debug|x86
		{547D99CF-286E-4293-9C39-F7BD5F0850B1}.Debug|x86.Build.0 = Debug|x86
		{547D99CF-286E-4293-9C39-F7BD5F0850B1}.Release|Any CPU.ActiveCfg = Release|x86
		{547D99CF-286E-4293-9C39-F7BD5F0850B1}.Release|x86.ActiveCfg = Release|x86
		{547D99CF-286E-4293-9C39-F7BD5F0850B1}.Release|x86.Build.0 = Release|x86
		{465D2808-9EF8-460C-8843-6B9620497D73}.Debug|Any CPU.ActiveCfg = Debug|x86
		{465D2808-9EF8-460C-8843-6B9620497D73}.Debug|x86.ActiveCfg = Debug|x86
		{465D2808-9EF8-460C-8843-6B9620497D73}.Debug|x86.Build.0 = Debug|x86
		{465D2808-9EF8-460C-8843-6B9620497D73}.Release|Any CPU.ActiveCfg = Release|x86
		{465D2808-9EF8-460C-8843-6B9620497D73}.Release|x86.ActiveCfg = Release|x86
		{465D2808-9EF8-460C-8843-6B9620497D73}.Release|x86.Build.0 = Release|x86
		{60A333DD-F8E4-4263-A199-63EDF77CBAA0}.Debug|Any CPU.ActiveCfg = Debug|Any CPU
		{60A333DD-F8E4-4263-A199-63EDF77CBAA0}.Debug|Any CPU.Build.0 = Debug|Any CPU
		{60A333DD-F8E4-4263-A199-63EDF77CBAA0}.Debug|x86.ActiveCfg = Debug|Any CPU
		{60A333DD-F8E4-4263-A199-63EDF77CBAA0}.Debug|x86.Build.0 = Debug|Any CPU
		{60A333DD-F8E4-4263-A199-63EDF77CBAA0}.Release|Any CPU.ActiveCfg = Release|Any CPU
		{60A333DD-F8E4-4263-A199-63EDF77CBAA0}.Release|Any CPU.Build.0 = Release|Any CPU
		{60A333DD-F8E4-4263-A199-63EDF77CBAA0}.Release|x86.ActiveCfg = Release|Any CPU
		{60A333DD-F8E4-4263-A199-63EDF77CBAA0}.Release|x86.Build.0 = Release|Any CPU
	EndGlobalSection
	GlobalSection(SolutionProperties) = preSolution
		HideSolutionNode = FALSE
	EndGlobalSection
EndGlobal
